PODS:
  - AXSwift (0.2.3)
  - MASShortcut (2.4.0)
  - RxCocoa (5.0.0):
    - RxRelay (~> 5)
    - RxSwift (~> 5)
  - RxRelay (5.0.0):
    - RxSwift (~> 5)
  - RxSwift (5.0.0)

DEPENDENCIES:
  - AXSwift (~> 0.2)
  - MASShortcut
  - RxCocoa (~> 5)
  - RxSwift (~> 5)

SPEC REPOS:
  https://github.com/cocoapods/specs.git:
    - AXSwift
    - MASShortcut
    - RxCocoa
    - RxRelay
    - RxSwift

SPEC CHECKSUMS:
  AXSwift: d49fe05ca04f983196c5caedfc88f617922ae671
  MASShortcut: d9e4909e878661cc42877cc9d6efbe638273ab57
  RxCocoa: fcf32050ac00d801f34a7f71d5e8e7f23026dcd8
  RxRelay: 4f7409406a51a55cd88483f21ed898c234d60f18
  RxSwift: 8b0671caa829a763bbce7271095859121cbd895f

PODFILE CHECKSUM: e566377c35711e105b10080419b0f84dc8332e8f

COCOAPODS: 1.7.5
