PODS:
  - AXSwift (0.2.3)
  - MASShortcut (2.4.0)
  - Preferences (1.0.1)
  - RxCocoa (5.0.0):
    - RxRelay (~> 5)
    - RxSwift (~> 5)
  - RxRelay (5.0.0):
    - RxSwift (~> 5)
  - RxSwift (5.0.0)
  - Sparkle (1.21.3)

DEPENDENCIES:
  - AXSwift (~> 0.2)
  - MASShortcut
  - Preferences
  - RxCocoa (~> 5)
  - RxSwift (~> 5)
  - Sparkle

SPEC REPOS:
  https://github.com/CocoaPods/Specs.git:
    - AXSwift
    - MASShortcut
    - RxCocoa
    - RxRelay
    - RxSwift
    - Sparkle
  trunk:
    - Preferences

SPEC CHECKSUMS:
  AXSwift: d49fe05ca04f983196c5caedfc88f617922ae671
  MASShortcut: d9e4909e878661cc42877cc9d6efbe638273ab57
  Preferences: a5afbe0ae3e6bd886328b1960f4998e65d58f2c4
  RxCocoa: fcf32050ac00d801f34a7f71d5e8e7f23026dcd8
  RxRelay: 4f7409406a51a55cd88483f21ed898c234d60f18
  RxSwift: 8b0671caa829a763bbce7271095859121cbd895f
  Sparkle: 3f75576db8b0265adef36c43249d747f22d0b708

PODFILE CHECKSUM: 7b6ba65266337439d7050314252aa63d075aba9b

COCOAPODS: 1.9.2
