// !$*UTF8*$!
{
	archiveVersion = 1;
	classes = {
	};
	objectVersion = 51;
	objects = {

/* Begin PBXBuildFile section */
		285448C8DFA037E9228938B9 /* Pods_Vimac.framework in Frameworks */ = {isa = PBXBuildFile; fileRef = A6BBF07B6655F54781C7A225 /* Pods_Vimac.framework */; };
		ABBC36BE3AB1866C4D803D04 /* Pods_VimacTests.framework in Frameworks */ = {isa = PBXBuildFile; fileRef = E3838C26CF2EE35337E477D6 /* Pods_VimacTests.framework */; };
		DB9977DE63A7DFECC2D9CB88 /* Pods_VimacUITests.framework in Frameworks */ = {isa = PBXBuildFile; fileRef = 85E207A8CB4C294752F7C738 /* Pods_VimacUITests.framework */; };
		E204519925F388BC00CBFC7A /* AXManualAccessibilityActivator.swift in Sources */ = {isa = PBXBuildFile; fileRef = E204519825F388BC00CBFC7A /* AXManualAccessibilityActivator.swift */; };
		E20451A025F3A6D100CBFC7A /* ObservableType.swift in Sources */ = {isa = PBXBuildFile; fileRef = E204519F25F3A6D100CBFC7A /* ObservableType.swift */; };
		E20451B125F3ADB600CBFC7A /* UserDefaultsProperties.swift in Sources */ = {isa = PBXBuildFile; fileRef = E20451B025F3ADB600CBFC7A /* UserDefaultsProperties.swift */; };
		E20451B525F3B50400CBFC7A /* ExperimentalPreferenceViewController.swift in Sources */ = {isa = PBXBuildFile; fileRef = E20451B425F3B50400CBFC7A /* ExperimentalPreferenceViewController.swift */; };
		E20451B925F4DDDC00CBFC7A /* AXEnhancedUserInterfaceActivator.swift in Sources */ = {isa = PBXBuildFile; fileRef = E20451B825F4DDDC00CBFC7A /* AXEnhancedUserInterfaceActivator.swift */; };
		E20696F923290D41001EFDB2 /* Log.swift in Sources */ = {isa = PBXBuildFile; fileRef = E20696F823290D41001EFDB2 /* Log.swift */; };
		E2069700232A52EA001EFDB2 /* AlphabetHints.swift in Sources */ = {isa = PBXBuildFile; fileRef = E20696FF232A52EA001EFDB2 /* AlphabetHints.swift */; };
		E20A43122631BEC400E7F3CE /* HoldKeyListener.swift in Sources */ = {isa = PBXBuildFile; fileRef = E20A43112631BEC400E7F3CE /* HoldKeyListener.swift */; };
		E20D0CB425581AEF00A5CAEE /* Trie.swift in Sources */ = {isa = PBXBuildFile; fileRef = E20D0CB325581AEF00A5CAEE /* Trie.swift */; };
		E20D0CB625581B3A00A5CAEE /* TrieTests.swift in Sources */ = {isa = PBXBuildFile; fileRef = E20D0CB525581B3A00A5CAEE /* TrieTests.swift */; };
		E20D0CB825583DD200A5CAEE /* InputState.swift in Sources */ = {isa = PBXBuildFile; fileRef = E20D0CB725583DD200A5CAEE /* InputState.swift */; };
		E20DF9DE25E671F20065711A /* HintModeQueryService.swift in Sources */ = {isa = PBXBuildFile; fileRef = E20DF9DD25E671F20065711A /* HintModeQueryService.swift */; };
		E20DF9EC25EA74360065711A /* KeyboardShortcuts.swift in Sources */ = {isa = PBXBuildFile; fileRef = E20DF9EB25EA74360065711A /* KeyboardShortcuts.swift */; };
		E21D74B025B45BB500159E73 /* UserDefaultsProperty.swift in Sources */ = {isa = PBXBuildFile; fileRef = E21D74AF25B45BB500159E73 /* UserDefaultsProperty.swift */; };
		E222EB132607434600B38564 /* HintModeController.swift in Sources */ = {isa = PBXBuildFile; fileRef = E222EB122607434600B38564 /* HintModeController.swift */; };
		E222EB192607438400B38564 /* ScrollModeController.swift in Sources */ = {isa = PBXBuildFile; fileRef = E222EB182607438400B38564 /* ScrollModeController.swift */; };
		E222EB1D260743A400B38564 /* ModeController.swift in Sources */ = {isa = PBXBuildFile; fileRef = E222EB1C260743A400B38564 /* ModeController.swift */; };
		E225BD1D233292B800ECDEF4 /* StatusItemManager.swift in Sources */ = {isa = PBXBuildFile; fileRef = E225BD1C233292B800ECDEF4 /* StatusItemManager.swift */; };
		E229E57A2482ABAF00A558D3 /* ScrollModePreferenceViewController.swift in Sources */ = {isa = PBXBuildFile; fileRef = E229E5792482ABAF00A558D3 /* ScrollModePreferenceViewController.swift */; };
		E23140D62506781E004D1B96 /* QueryMenuBarItemsService.swift in Sources */ = {isa = PBXBuildFile; fileRef = E23140D52506781E004D1B96 /* QueryMenuBarItemsService.swift */; };
		E23140D825067A46004D1B96 /* QueryMenuBarExtrasService.swift in Sources */ = {isa = PBXBuildFile; fileRef = E23140D725067A46004D1B96 /* QueryMenuBarExtrasService.swift */; };
		E23140DA2507B2C1004D1B96 /* QueryNotificationCenterItemsService.swift in Sources */ = {isa = PBXBuildFile; fileRef = E23140D92507B2C1004D1B96 /* QueryNotificationCenterItemsService.swift */; };
		E23A1A8025E62DEA00D71D6E /* HintsViewController.swift in Sources */ = {isa = PBXBuildFile; fileRef = E23A1A7F25E62DEA00D71D6E /* HintsViewController.swift */; };
		E2443FFC25584A9400A23950 /* InputStateTests.swift in Sources */ = {isa = PBXBuildFile; fileRef = E2443FFB25584A9400A23950 /* InputStateTests.swift */; };
		E245F9B123941AE8009CA9C6 /* BorderView.swift in Sources */ = {isa = PBXBuildFile; fileRef = E245F9B023941AE8009CA9C6 /* BorderView.swift */; };
		E24D0BB6256BEEAE0049EA0A /* ScrollModeInputState.swift in Sources */ = {isa = PBXBuildFile; fileRef = E24D0BB5256BEEAE0049EA0A /* ScrollModeInputState.swift */; };
		E25BBB5B250CC4AA00D11213 /* ObserveFrontmostApplicationService.swift in Sources */ = {isa = PBXBuildFile; fileRef = E25BBB5A250CC4AA00D11213 /* ObserveFrontmostApplicationService.swift */; };
		E25BBB60250CD28600D11213 /* ObserveApplicationNotificationService.swift in Sources */ = {isa = PBXBuildFile; fileRef = E25BBB5F250CD28600D11213 /* ObserveApplicationNotificationService.swift */; };
		E25BBB62250CF9CC00D11213 /* FrontmostApplicationService.swift in Sources */ = {isa = PBXBuildFile; fileRef = E25BBB61250CF9CC00D11213 /* FrontmostApplicationService.swift */; };
		E25FFA4825E1656F00721F2F /* GeometryUtils.swift in Sources */ = {isa = PBXBuildFile; fileRef = E25FFA4725E1656F00721F2F /* GeometryUtils.swift */; };
		E26172242322968500E396CA /* AppDelegate.swift in Sources */ = {isa = PBXBuildFile; fileRef = E26172232322968500E396CA /* AppDelegate.swift */; };
		E26172282322968600E396CA /* Assets.xcassets in Resources */ = {isa = PBXBuildFile; fileRef = E26172272322968600E396CA /* Assets.xcassets */; };
		E26172372322968700E396CA /* ViMac_SwiftTests.swift in Sources */ = {isa = PBXBuildFile; fileRef = E26172362322968700E396CA /* ViMac_SwiftTests.swift */; };
		E26172422322968700E396CA /* ViMac_SwiftUITests.swift in Sources */ = {isa = PBXBuildFile; fileRef = E26172412322968700E396CA /* ViMac_SwiftUITests.swift */; };
		E261725A2324EC7100E396CA /* OverlayWindow.swift in Sources */ = {isa = PBXBuildFile; fileRef = E26172592324EC7100E396CA /* OverlayWindow.swift */; };
		E266D916248AAC99005A261F /* UserPreferences.swift in Sources */ = {isa = PBXBuildFile; fileRef = E266D915248AAC99005A261F /* UserPreferences.swift */; };
		E2677780255FE0420034B131 /* QueryScrollAreasService.swift in Sources */ = {isa = PBXBuildFile; fileRef = E267777F255FE0420034B131 /* QueryScrollAreasService.swift */; };
		E2677786256034860034B131 /* ScrollModeViewController.swift in Sources */ = {isa = PBXBuildFile; fileRef = E2677785256034860034B131 /* ScrollModeViewController.swift */; };
		E267778C256123030034B131 /* String.swift in Sources */ = {isa = PBXBuildFile; fileRef = E267778B256123030034B131 /* String.swift */; };
		E267778E25613A900034B131 /* ScrollModeActiveViewController.swift in Sources */ = {isa = PBXBuildFile; fileRef = E267778D25613A900034B131 /* ScrollModeActiveViewController.swift */; };
		E2677790256187230034B131 /* ScrollModeActiveScrollAreaViewController.swift in Sources */ = {isa = PBXBuildFile; fileRef = E267778F256187230034B131 /* ScrollModeActiveScrollAreaViewController.swift */; };
		E26981B323C99DBB00E46217 /* WelcomeWindowController.swift in Sources */ = {isa = PBXBuildFile; fileRef = E26981B223C99DBB00E46217 /* WelcomeWindowController.swift */; };
		E26981B523C99DF900E46217 /* WelcomeViewController.swift in Sources */ = {isa = PBXBuildFile; fileRef = E26981B423C99DF900E46217 /* WelcomeViewController.swift */; };
		E26981B923C9E31600E46217 /* InputSourceManager.swift in Sources */ = {isa = PBXBuildFile; fileRef = E26981B823C9E31600E46217 /* InputSourceManager.swift */; };
		E26981BB23C9E35D00E46217 /* TISInputSourceExtension.swift in Sources */ = {isa = PBXBuildFile; fileRef = E26981BA23C9E35D00E46217 /* TISInputSourceExtension.swift */; };
		E270C0E3259F3B52003A48FB /* GlobalEventTap.swift in Sources */ = {isa = PBXBuildFile; fileRef = E270C0E2259F3B52003A48FB /* GlobalEventTap.swift */; };
		E270C0E5259F5D98003A48FB /* KeySequenceListener.swift in Sources */ = {isa = PBXBuildFile; fileRef = E270C0E4259F5D98003A48FB /* KeySequenceListener.swift */; };
		E270F4212503E7A800AD305A /* Element.swift in Sources */ = {isa = PBXBuildFile; fileRef = E270F4202503E7A800AD305A /* Element.swift */; };
		E270F5C52504D8DE00AD305A /* TraverseElementServiceFinder.swift in Sources */ = {isa = PBXBuildFile; fileRef = E270F5C42504D8DE00AD305A /* TraverseElementServiceFinder.swift */; };
		E270F5C92504D9AE00AD305A /* TraverseGenericElementService.swift in Sources */ = {isa = PBXBuildFile; fileRef = E270F5C82504D9AE00AD305A /* TraverseGenericElementService.swift */; };
		E270F5CB2504D9DE00AD305A /* TraverseElementService.swift in Sources */ = {isa = PBXBuildFile; fileRef = E270F5CA2504D9DE00AD305A /* TraverseElementService.swift */; };
		E270F5CF2504DC4600AD305A /* TraverseSearchPredicateCompatibleWebAreaElementService.swift in Sources */ = {isa = PBXBuildFile; fileRef = E270F5CE2504DC4600AD305A /* TraverseSearchPredicateCompatibleWebAreaElementService.swift */; };
		E27776E3240B780D00488320 /* LaunchAtLogin.framework in Frameworks */ = {isa = PBXBuildFile; fileRef = E27776E2240B780D00488320 /* LaunchAtLogin.framework */; };
		E27776E4240B780D00488320 /* LaunchAtLogin.framework in Embed Frameworks */ = {isa = PBXBuildFile; fileRef = E27776E2240B780D00488320 /* LaunchAtLogin.framework */; settings = {ATTRIBUTES = (CodeSignOnCopy, RemoveHeadersOnCopy, ); }; };
		E27776E8240B784900488320 /* LaunchAtLogin.framework.dSYM in CopyFiles */ = {isa = PBXBuildFile; fileRef = E27776E7240B784900488320 /* LaunchAtLogin.framework.dSYM */; };
		E277A70B25EF8AA100010209 /* AboutPreferencesViewController.swift in Sources */ = {isa = PBXBuildFile; fileRef = E277A70A25EF8AA100010209 /* AboutPreferencesViewController.swift */; };
		E279534B2494C534006D8D7A /* InputListener.swift in Sources */ = {isa = PBXBuildFile; fileRef = E279534A2494C534006D8D7A /* InputListener.swift */; };
		E279534D2494CC69006D8D7A /* ScrollModeInputListener.swift in Sources */ = {isa = PBXBuildFile; fileRef = E279534C2494CC69006D8D7A /* ScrollModeInputListener.swift */; };
		E279535124962E8D006D8D7A /* ChunkyScroller.swift in Sources */ = {isa = PBXBuildFile; fileRef = E279535024962E8C006D8D7A /* ChunkyScroller.swift */; };
		E2795353249633DE006D8D7A /* Scroller.swift in Sources */ = {isa = PBXBuildFile; fileRef = E2795352249633DE006D8D7A /* Scroller.swift */; };
		E287886C26134BF200DC8875 /* ElementTree.swift in Sources */ = {isa = PBXBuildFile; fileRef = E287886B26134BF200DC8875 /* ElementTree.swift */; };
		E28867F0235F54F2001691A5 /* Vimac.icns in Resources */ = {isa = PBXBuildFile; fileRef = E28867EF235F54F1001691A5 /* Vimac.icns */; };
		E28CB6A825B02A8200554D00 /* VimacKeySequenceListener.swift in Sources */ = {isa = PBXBuildFile; fileRef = E28CB6A725B02A8200554D00 /* VimacKeySequenceListener.swift */; };
		E290EF4B24F93343004B1A83 /* QueryWindowService.swift in Sources */ = {isa = PBXBuildFile; fileRef = E290EF4A24F93342004B1A83 /* QueryWindowService.swift */; };
		E2C29562234DD7F8001A38D6 /* OverlayWindowController.swift in Sources */ = {isa = PBXBuildFile; fileRef = E2C29561234DD7F8001A38D6 /* OverlayWindowController.swift */; };
		E2C29566234DE09C001A38D6 /* ModeCoordinator.swift in Sources */ = {isa = PBXBuildFile; fileRef = E2C29565234DE09C001A38D6 /* ModeCoordinator.swift */; };
		E2C29568234DE51F001A38D6 /* ModeViewController.swift in Sources */ = {isa = PBXBuildFile; fileRef = E2C29567234DE51F001A38D6 /* ModeViewController.swift */; };
		E2C3221E23BC828C00508B44 /* HideCursorGlobally.m in Sources */ = {isa = PBXBuildFile; fileRef = E2C3221D23BC828C00508B44 /* HideCursorGlobally.m */; };
		E2DFF5AB24815C5800B4090D /* PreferencesPaneIdentifiers.swift in Sources */ = {isa = PBXBuildFile; fileRef = E2DFF5AA24815C5800B4090D /* PreferencesPaneIdentifiers.swift */; };
		E2DFF5AD24815D3E00B4090D /* GeneralPreferenceViewController.swift in Sources */ = {isa = PBXBuildFile; fileRef = E2DFF5AC24815D3E00B4090D /* GeneralPreferenceViewController.swift */; };
		E2DFF5B12481693800B4090D /* HintModePreferenceViewController.swift in Sources */ = {isa = PBXBuildFile; fileRef = E2DFF5B02481693800B4090D /* HintModePreferenceViewController.swift */; };
		E2F15BBF25B2D65000E2F29E /* BindingsPreferenceViewController.swift in Sources */ = {isa = PBXBuildFile; fileRef = E2F15BBE25B2D65000E2F29E /* BindingsPreferenceViewController.swift */; };
		E2F15BC525B30A9D00E2F29E /* BindingsConfig.swift in Sources */ = {isa = PBXBuildFile; fileRef = E2F15BC425B30A9D00E2F29E /* BindingsConfig.swift */; };
		E2F15BC725B30C4E00E2F29E /* BindingsRepository.swift in Sources */ = {isa = PBXBuildFile; fileRef = E2F15BC625B30C4E00E2F29E /* BindingsRepository.swift */; };
		E2F6C9A3232CE37E00F2975B /* Main.storyboard in Resources */ = {isa = PBXBuildFile; fileRef = E26172292322968700E396CA /* Main.storyboard */; };
		E2F6C9AD232DE89F00F2975B /* HintView.swift in Sources */ = {isa = PBXBuildFile; fileRef = E2F6C9AC232DE89F00F2975B /* HintView.swift */; };
		E2F6C9AF232DEA1800F2975B /* Utils.swift in Sources */ = {isa = PBXBuildFile; fileRef = E2F6C9AE232DEA1800F2975B /* Utils.swift */; };
/* End PBXBuildFile section */

/* Begin PBXContainerItemProxy section */
		E26172332322968700E396CA /* PBXContainerItemProxy */ = {
			isa = PBXContainerItemProxy;
			containerPortal = E26172182322968500E396CA /* Project object */;
			proxyType = 1;
			remoteGlobalIDString = E261721F2322968500E396CA;
			remoteInfo = "ViMac-Swift";
		};
		E261723E2322968700E396CA /* PBXContainerItemProxy */ = {
			isa = PBXContainerItemProxy;
			containerPortal = E26172182322968500E396CA /* Project object */;
			proxyType = 1;
			remoteGlobalIDString = E261721F2322968500E396CA;
			remoteInfo = "ViMac-Swift";
		};
/* End PBXContainerItemProxy section */

/* Begin PBXCopyFilesBuildPhase section */
		E27776E5240B780D00488320 /* Embed Frameworks */ = {
			isa = PBXCopyFilesBuildPhase;
			buildActionMask = 2147483647;
			dstPath = "";
			dstSubfolderSpec = 10;
			files = (
				E27776E4240B780D00488320 /* LaunchAtLogin.framework in Embed Frameworks */,
			);
			name = "Embed Frameworks";
			runOnlyForDeploymentPostprocessing = 0;
		};
		E27776E6240B782800488320 /* CopyFiles */ = {
			isa = PBXCopyFilesBuildPhase;
			buildActionMask = 2147483647;
			dstPath = "";
			dstSubfolderSpec = 16;
			files = (
				E27776E8240B784900488320 /* LaunchAtLogin.framework.dSYM in CopyFiles */,
			);
			runOnlyForDeploymentPostprocessing = 0;
		};
/* End PBXCopyFilesBuildPhase section */

/* Begin PBXFileReference section */
		5C2149530237D83CD0BBC27E /* Pods-VimacUITests.debug.xcconfig */ = {isa = PBXFileReference; includeInIndex = 1; lastKnownFileType = text.xcconfig; name = "Pods-VimacUITests.debug.xcconfig"; path = "Target Support Files/Pods-VimacUITests/Pods-VimacUITests.debug.xcconfig"; sourceTree = "<group>"; };
		6111F4122FAC89C910EEBF3B /* Pods-Vimac.release.xcconfig */ = {isa = PBXFileReference; includeInIndex = 1; lastKnownFileType = text.xcconfig; name = "Pods-Vimac.release.xcconfig"; path = "Target Support Files/Pods-Vimac/Pods-Vimac.release.xcconfig"; sourceTree = "<group>"; };
		6929D13B2A1ABBF7F59E68D2 /* Pods-Vimac.debug.xcconfig */ = {isa = PBXFileReference; includeInIndex = 1; lastKnownFileType = text.xcconfig; name = "Pods-Vimac.debug.xcconfig"; path = "Target Support Files/Pods-Vimac/Pods-Vimac.debug.xcconfig"; sourceTree = "<group>"; };
		7677AB73AD55CB183067A498 /* Pods-VimacUITests.release.xcconfig */ = {isa = PBXFileReference; includeInIndex = 1; lastKnownFileType = text.xcconfig; name = "Pods-VimacUITests.release.xcconfig"; path = "Target Support Files/Pods-VimacUITests/Pods-VimacUITests.release.xcconfig"; sourceTree = "<group>"; };
		824743387EB077A984803D5C /* Pods-VimacTests.debug.xcconfig */ = {isa = PBXFileReference; includeInIndex = 1; lastKnownFileType = text.xcconfig; name = "Pods-VimacTests.debug.xcconfig"; path = "Target Support Files/Pods-VimacTests/Pods-VimacTests.debug.xcconfig"; sourceTree = "<group>"; };
		85E207A8CB4C294752F7C738 /* Pods_VimacUITests.framework */ = {isa = PBXFileReference; explicitFileType = wrapper.framework; includeInIndex = 0; path = Pods_VimacUITests.framework; sourceTree = BUILT_PRODUCTS_DIR; };
		A6BBF07B6655F54781C7A225 /* Pods_Vimac.framework */ = {isa = PBXFileReference; explicitFileType = wrapper.framework; includeInIndex = 0; path = Pods_Vimac.framework; sourceTree = BUILT_PRODUCTS_DIR; };
		D3D6841E02A20AE804E019B5 /* Pods-VimacTests.release.xcconfig */ = {isa = PBXFileReference; includeInIndex = 1; lastKnownFileType = text.xcconfig; name = "Pods-VimacTests.release.xcconfig"; path = "Target Support Files/Pods-VimacTests/Pods-VimacTests.release.xcconfig"; sourceTree = "<group>"; };
		E204519825F388BC00CBFC7A /* AXManualAccessibilityActivator.swift */ = {isa = PBXFileReference; lastKnownFileType = sourcecode.swift; path = AXManualAccessibilityActivator.swift; sourceTree = "<group>"; };
		E204519F25F3A6D100CBFC7A /* ObservableType.swift */ = {isa = PBXFileReference; lastKnownFileType = sourcecode.swift; path = ObservableType.swift; sourceTree = "<group>"; };
		E20451B025F3ADB600CBFC7A /* UserDefaultsProperties.swift */ = {isa = PBXFileReference; lastKnownFileType = sourcecode.swift; path = UserDefaultsProperties.swift; sourceTree = "<group>"; };
		E20451B425F3B50400CBFC7A /* ExperimentalPreferenceViewController.swift */ = {isa = PBXFileReference; lastKnownFileType = sourcecode.swift; path = ExperimentalPreferenceViewController.swift; sourceTree = "<group>"; };
		E20451B825F4DDDC00CBFC7A /* AXEnhancedUserInterfaceActivator.swift */ = {isa = PBXFileReference; lastKnownFileType = sourcecode.swift; path = AXEnhancedUserInterfaceActivator.swift; sourceTree = "<group>"; };
		E20696F823290D41001EFDB2 /* Log.swift */ = {isa = PBXFileReference; lastKnownFileType = sourcecode.swift; path = Log.swift; sourceTree = "<group>"; };
		E20696FC232A0021001EFDB2 /* VimacBridgingHeader.h */ = {isa = PBXFileReference; lastKnownFileType = sourcecode.c.h; path = VimacBridgingHeader.h; sourceTree = "<group>"; };
		E20696FF232A52EA001EFDB2 /* AlphabetHints.swift */ = {isa = PBXFileReference; lastKnownFileType = sourcecode.swift; path = AlphabetHints.swift; sourceTree = "<group>"; };
		E20A43112631BEC400E7F3CE /* HoldKeyListener.swift */ = {isa = PBXFileReference; lastKnownFileType = sourcecode.swift; path = HoldKeyListener.swift; sourceTree = "<group>"; };
		E20D0CB325581AEF00A5CAEE /* Trie.swift */ = {isa = PBXFileReference; lastKnownFileType = sourcecode.swift; path = Trie.swift; sourceTree = "<group>"; };
		E20D0CB525581B3A00A5CAEE /* TrieTests.swift */ = {isa = PBXFileReference; lastKnownFileType = sourcecode.swift; path = TrieTests.swift; sourceTree = "<group>"; };
		E20D0CB725583DD200A5CAEE /* InputState.swift */ = {isa = PBXFileReference; lastKnownFileType = sourcecode.swift; path = InputState.swift; sourceTree = "<group>"; };
		E20DF9DD25E671F20065711A /* HintModeQueryService.swift */ = {isa = PBXFileReference; lastKnownFileType = sourcecode.swift; path = HintModeQueryService.swift; sourceTree = "<group>"; };
		E20DF9EB25EA74360065711A /* KeyboardShortcuts.swift */ = {isa = PBXFileReference; lastKnownFileType = sourcecode.swift; path = KeyboardShortcuts.swift; sourceTree = "<group>"; };
		E21D74AF25B45BB500159E73 /* UserDefaultsProperty.swift */ = {isa = PBXFileReference; lastKnownFileType = sourcecode.swift; path = UserDefaultsProperty.swift; sourceTree = "<group>"; };
		E222EB122607434600B38564 /* HintModeController.swift */ = {isa = PBXFileReference; lastKnownFileType = sourcecode.swift; path = HintModeController.swift; sourceTree = "<group>"; };
		E222EB182607438400B38564 /* ScrollModeController.swift */ = {isa = PBXFileReference; lastKnownFileType = sourcecode.swift; path = ScrollModeController.swift; sourceTree = "<group>"; };
		E222EB1C260743A400B38564 /* ModeController.swift */ = {isa = PBXFileReference; lastKnownFileType = sourcecode.swift; path = ModeController.swift; sourceTree = "<group>"; };
		E225BD1C233292B800ECDEF4 /* StatusItemManager.swift */ = {isa = PBXFileReference; lastKnownFileType = sourcecode.swift; path = StatusItemManager.swift; sourceTree = "<group>"; };
		E229E5792482ABAF00A558D3 /* ScrollModePreferenceViewController.swift */ = {isa = PBXFileReference; lastKnownFileType = sourcecode.swift; path = ScrollModePreferenceViewController.swift; sourceTree = "<group>"; };
		E23140D52506781E004D1B96 /* QueryMenuBarItemsService.swift */ = {isa = PBXFileReference; lastKnownFileType = sourcecode.swift; path = QueryMenuBarItemsService.swift; sourceTree = "<group>"; };
		E23140D725067A46004D1B96 /* QueryMenuBarExtrasService.swift */ = {isa = PBXFileReference; lastKnownFileType = sourcecode.swift; path = QueryMenuBarExtrasService.swift; sourceTree = "<group>"; };
		E23140D92507B2C1004D1B96 /* QueryNotificationCenterItemsService.swift */ = {isa = PBXFileReference; lastKnownFileType = sourcecode.swift; path = QueryNotificationCenterItemsService.swift; sourceTree = "<group>"; };
		E23A1A7F25E62DEA00D71D6E /* HintsViewController.swift */ = {isa = PBXFileReference; lastKnownFileType = sourcecode.swift; path = HintsViewController.swift; sourceTree = "<group>"; };
		E2443FFB25584A9400A23950 /* InputStateTests.swift */ = {isa = PBXFileReference; lastKnownFileType = sourcecode.swift; path = InputStateTests.swift; sourceTree = "<group>"; };
		E245F9B023941AE8009CA9C6 /* BorderView.swift */ = {isa = PBXFileReference; lastKnownFileType = sourcecode.swift; path = BorderView.swift; sourceTree = "<group>"; };
		E24D0BB5256BEEAE0049EA0A /* ScrollModeInputState.swift */ = {isa = PBXFileReference; lastKnownFileType = sourcecode.swift; path = ScrollModeInputState.swift; sourceTree = "<group>"; };
		E25BBB5A250CC4AA00D11213 /* ObserveFrontmostApplicationService.swift */ = {isa = PBXFileReference; lastKnownFileType = sourcecode.swift; path = ObserveFrontmostApplicationService.swift; sourceTree = "<group>"; };
		E25BBB5F250CD28600D11213 /* ObserveApplicationNotificationService.swift */ = {isa = PBXFileReference; lastKnownFileType = sourcecode.swift; path = ObserveApplicationNotificationService.swift; sourceTree = "<group>"; };
		E25BBB61250CF9CC00D11213 /* FrontmostApplicationService.swift */ = {isa = PBXFileReference; lastKnownFileType = sourcecode.swift; path = FrontmostApplicationService.swift; sourceTree = "<group>"; };
		E25FFA4725E1656F00721F2F /* GeometryUtils.swift */ = {isa = PBXFileReference; lastKnownFileType = sourcecode.swift; path = GeometryUtils.swift; sourceTree = "<group>"; };
		E26172202322968500E396CA /* Vimac.app */ = {isa = PBXFileReference; explicitFileType = wrapper.application; includeInIndex = 0; path = Vimac.app; sourceTree = BUILT_PRODUCTS_DIR; };
		E26172232322968500E396CA /* AppDelegate.swift */ = {isa = PBXFileReference; lastKnownFileType = sourcecode.swift; path = AppDelegate.swift; sourceTree = "<group>"; };
		E26172272322968600E396CA /* Assets.xcassets */ = {isa = PBXFileReference; lastKnownFileType = folder.assetcatalog; path = Assets.xcassets; sourceTree = "<group>"; };
		E261722A2322968700E396CA /* Base */ = {isa = PBXFileReference; lastKnownFileType = file.storyboard; name = Base; path = Base.lproj/Main.storyboard; sourceTree = "<group>"; };
		E261722C2322968700E396CA /* Info.plist */ = {isa = PBXFileReference; lastKnownFileType = text.plist.xml; path = Info.plist; sourceTree = "<group>"; };
		E261722D2322968700E396CA /* ViMac_Swift.entitlements */ = {isa = PBXFileReference; lastKnownFileType = text.plist.entitlements; path = ViMac_Swift.entitlements; sourceTree = "<group>"; };
		E26172322322968700E396CA /* VimacTests.xctest */ = {isa = PBXFileReference; explicitFileType = wrapper.cfbundle; includeInIndex = 0; path = VimacTests.xctest; sourceTree = BUILT_PRODUCTS_DIR; };
		E26172362322968700E396CA /* ViMac_SwiftTests.swift */ = {isa = PBXFileReference; lastKnownFileType = sourcecode.swift; path = ViMac_SwiftTests.swift; sourceTree = "<group>"; };
		E26172382322968700E396CA /* Info.plist */ = {isa = PBXFileReference; lastKnownFileType = text.plist.xml; path = Info.plist; sourceTree = "<group>"; };
		E261723D2322968700E396CA /* VimacUITests.xctest */ = {isa = PBXFileReference; explicitFileType = wrapper.cfbundle; includeInIndex = 0; path = VimacUITests.xctest; sourceTree = BUILT_PRODUCTS_DIR; };
		E26172412322968700E396CA /* ViMac_SwiftUITests.swift */ = {isa = PBXFileReference; lastKnownFileType = sourcecode.swift; path = ViMac_SwiftUITests.swift; sourceTree = "<group>"; };
		E26172432322968700E396CA /* Info.plist */ = {isa = PBXFileReference; lastKnownFileType = text.plist.xml; path = Info.plist; sourceTree = "<group>"; };
		E26172592324EC7100E396CA /* OverlayWindow.swift */ = {isa = PBXFileReference; lastKnownFileType = sourcecode.swift; path = OverlayWindow.swift; sourceTree = "<group>"; };
		E266D915248AAC99005A261F /* UserPreferences.swift */ = {isa = PBXFileReference; lastKnownFileType = sourcecode.swift; path = UserPreferences.swift; sourceTree = "<group>"; };
		E267777F255FE0420034B131 /* QueryScrollAreasService.swift */ = {isa = PBXFileReference; lastKnownFileType = sourcecode.swift; path = QueryScrollAreasService.swift; sourceTree = "<group>"; };
		E2677785256034860034B131 /* ScrollModeViewController.swift */ = {isa = PBXFileReference; lastKnownFileType = sourcecode.swift; path = ScrollModeViewController.swift; sourceTree = "<group>"; };
		E267778B256123030034B131 /* String.swift */ = {isa = PBXFileReference; lastKnownFileType = sourcecode.swift; path = String.swift; sourceTree = "<group>"; };
		E267778D25613A900034B131 /* ScrollModeActiveViewController.swift */ = {isa = PBXFileReference; lastKnownFileType = sourcecode.swift; path = ScrollModeActiveViewController.swift; sourceTree = "<group>"; };
		E267778F256187230034B131 /* ScrollModeActiveScrollAreaViewController.swift */ = {isa = PBXFileReference; lastKnownFileType = sourcecode.swift; path = ScrollModeActiveScrollAreaViewController.swift; sourceTree = "<group>"; };
		E26981B223C99DBB00E46217 /* WelcomeWindowController.swift */ = {isa = PBXFileReference; lastKnownFileType = sourcecode.swift; path = WelcomeWindowController.swift; sourceTree = "<group>"; };
		E26981B423C99DF900E46217 /* WelcomeViewController.swift */ = {isa = PBXFileReference; lastKnownFileType = sourcecode.swift; path = WelcomeViewController.swift; sourceTree = "<group>"; };
		E26981B823C9E31600E46217 /* InputSourceManager.swift */ = {isa = PBXFileReference; lastKnownFileType = sourcecode.swift; path = InputSourceManager.swift; sourceTree = "<group>"; };
		E26981BA23C9E35D00E46217 /* TISInputSourceExtension.swift */ = {isa = PBXFileReference; lastKnownFileType = sourcecode.swift; path = TISInputSourceExtension.swift; sourceTree = "<group>"; };
		E270C0E2259F3B52003A48FB /* GlobalEventTap.swift */ = {isa = PBXFileReference; lastKnownFileType = sourcecode.swift; path = GlobalEventTap.swift; sourceTree = "<group>"; };
		E270C0E4259F5D98003A48FB /* KeySequenceListener.swift */ = {isa = PBXFileReference; lastKnownFileType = sourcecode.swift; path = KeySequenceListener.swift; sourceTree = "<group>"; };
		E270F4202503E7A800AD305A /* Element.swift */ = {isa = PBXFileReference; lastKnownFileType = sourcecode.swift; path = Element.swift; sourceTree = "<group>"; };
		E270F5C42504D8DE00AD305A /* TraverseElementServiceFinder.swift */ = {isa = PBXFileReference; lastKnownFileType = sourcecode.swift; path = TraverseElementServiceFinder.swift; sourceTree = "<group>"; };
		E270F5C82504D9AE00AD305A /* TraverseGenericElementService.swift */ = {isa = PBXFileReference; lastKnownFileType = sourcecode.swift; path = TraverseGenericElementService.swift; sourceTree = "<group>"; };
		E270F5CA2504D9DE00AD305A /* TraverseElementService.swift */ = {isa = PBXFileReference; lastKnownFileType = sourcecode.swift; path = TraverseElementService.swift; sourceTree = "<group>"; };
		E270F5CE2504DC4600AD305A /* TraverseSearchPredicateCompatibleWebAreaElementService.swift */ = {isa = PBXFileReference; lastKnownFileType = sourcecode.swift; path = TraverseSearchPredicateCompatibleWebAreaElementService.swift; sourceTree = "<group>"; };
		E27776E2240B780D00488320 /* LaunchAtLogin.framework */ = {isa = PBXFileReference; lastKnownFileType = wrapper.framework; name = LaunchAtLogin.framework; path = Carthage/Build/Mac/LaunchAtLogin.framework; sourceTree = "<group>"; };
		E27776E7240B784900488320 /* LaunchAtLogin.framework.dSYM */ = {isa = PBXFileReference; lastKnownFileType = wrapper.dsym; name = LaunchAtLogin.framework.dSYM; path = Carthage/Build/Mac/LaunchAtLogin.framework.dSYM; sourceTree = "<group>"; };
		E277A70A25EF8AA100010209 /* AboutPreferencesViewController.swift */ = {isa = PBXFileReference; lastKnownFileType = sourcecode.swift; path = AboutPreferencesViewController.swift; sourceTree = "<group>"; };
		E279534A2494C534006D8D7A /* InputListener.swift */ = {isa = PBXFileReference; lastKnownFileType = sourcecode.swift; path = InputListener.swift; sourceTree = "<group>"; };
		E279534C2494CC69006D8D7A /* ScrollModeInputListener.swift */ = {isa = PBXFileReference; lastKnownFileType = sourcecode.swift; path = ScrollModeInputListener.swift; sourceTree = "<group>"; };
		E279535024962E8C006D8D7A /* ChunkyScroller.swift */ = {isa = PBXFileReference; lastKnownFileType = sourcecode.swift; path = ChunkyScroller.swift; sourceTree = "<group>"; };
		E2795352249633DE006D8D7A /* Scroller.swift */ = {isa = PBXFileReference; lastKnownFileType = sourcecode.swift; path = Scroller.swift; sourceTree = "<group>"; };
		E287886B26134BF200DC8875 /* ElementTree.swift */ = {isa = PBXFileReference; lastKnownFileType = sourcecode.swift; path = ElementTree.swift; sourceTree = "<group>"; };
		E28867EF235F54F1001691A5 /* Vimac.icns */ = {isa = PBXFileReference; lastKnownFileType = image.icns; path = Vimac.icns; sourceTree = SOURCE_ROOT; };
		E28CB6A725B02A8200554D00 /* VimacKeySequenceListener.swift */ = {isa = PBXFileReference; lastKnownFileType = sourcecode.swift; path = VimacKeySequenceListener.swift; sourceTree = "<group>"; };
		E290EF4A24F93342004B1A83 /* QueryWindowService.swift */ = {isa = PBXFileReference; lastKnownFileType = sourcecode.swift; path = QueryWindowService.swift; sourceTree = "<group>"; };
		E2C29561234DD7F8001A38D6 /* OverlayWindowController.swift */ = {isa = PBXFileReference; lastKnownFileType = sourcecode.swift; path = OverlayWindowController.swift; sourceTree = "<group>"; };
		E2C29565234DE09C001A38D6 /* ModeCoordinator.swift */ = {isa = PBXFileReference; lastKnownFileType = sourcecode.swift; path = ModeCoordinator.swift; sourceTree = "<group>"; };
		E2C29567234DE51F001A38D6 /* ModeViewController.swift */ = {isa = PBXFileReference; lastKnownFileType = sourcecode.swift; path = ModeViewController.swift; sourceTree = "<group>"; };
		E2C3221C23BC828C00508B44 /* HideCursorGlobally.h */ = {isa = PBXFileReference; lastKnownFileType = sourcecode.c.h; path = HideCursorGlobally.h; sourceTree = "<group>"; };
		E2C3221D23BC828C00508B44 /* HideCursorGlobally.m */ = {isa = PBXFileReference; lastKnownFileType = sourcecode.c.objc; path = HideCursorGlobally.m; sourceTree = "<group>"; };
		E2DFF5AA24815C5800B4090D /* PreferencesPaneIdentifiers.swift */ = {isa = PBXFileReference; lastKnownFileType = sourcecode.swift; path = PreferencesPaneIdentifiers.swift; sourceTree = "<group>"; };
		E2DFF5AC24815D3E00B4090D /* GeneralPreferenceViewController.swift */ = {isa = PBXFileReference; lastKnownFileType = sourcecode.swift; path = GeneralPreferenceViewController.swift; sourceTree = "<group>"; };
		E2DFF5B02481693800B4090D /* HintModePreferenceViewController.swift */ = {isa = PBXFileReference; lastKnownFileType = sourcecode.swift; path = HintModePreferenceViewController.swift; sourceTree = "<group>"; };
		E2F15BBE25B2D65000E2F29E /* BindingsPreferenceViewController.swift */ = {isa = PBXFileReference; lastKnownFileType = sourcecode.swift; path = BindingsPreferenceViewController.swift; sourceTree = "<group>"; };
		E2F15BC425B30A9D00E2F29E /* BindingsConfig.swift */ = {isa = PBXFileReference; lastKnownFileType = sourcecode.swift; path = BindingsConfig.swift; sourceTree = "<group>"; };
		E2F15BC625B30C4E00E2F29E /* BindingsRepository.swift */ = {isa = PBXFileReference; lastKnownFileType = sourcecode.swift; path = BindingsRepository.swift; sourceTree = "<group>"; };
		E2F6C9AC232DE89F00F2975B /* HintView.swift */ = {isa = PBXFileReference; lastKnownFileType = sourcecode.swift; path = HintView.swift; sourceTree = "<group>"; };
		E2F6C9AE232DEA1800F2975B /* Utils.swift */ = {isa = PBXFileReference; lastKnownFileType = sourcecode.swift; path = Utils.swift; sourceTree = "<group>"; };
		E3838C26CF2EE35337E477D6 /* Pods_VimacTests.framework */ = {isa = PBXFileReference; explicitFileType = wrapper.framework; includeInIndex = 0; path = Pods_VimacTests.framework; sourceTree = BUILT_PRODUCTS_DIR; };
/* End PBXFileReference section */

/* Begin PBXFrameworksBuildPhase section */
		E261721D2322968500E396CA /* Frameworks */ = {
			isa = PBXFrameworksBuildPhase;
			buildActionMask = 2147483647;
			files = (
				E27776E3240B780D00488320 /* LaunchAtLogin.framework in Frameworks */,
				285448C8DFA037E9228938B9 /* Pods_Vimac.framework in Frameworks */,
			);
			runOnlyForDeploymentPostprocessing = 0;
		};
		E261722F2322968700E396CA /* Frameworks */ = {
			isa = PBXFrameworksBuildPhase;
			buildActionMask = 2147483647;
			files = (
				ABBC36BE3AB1866C4D803D04 /* Pods_VimacTests.framework in Frameworks */,
			);
			runOnlyForDeploymentPostprocessing = 0;
		};
		E261723A2322968700E396CA /* Frameworks */ = {
			isa = PBXFrameworksBuildPhase;
			buildActionMask = 2147483647;
			files = (
				DB9977DE63A7DFECC2D9CB88 /* Pods_VimacUITests.framework in Frameworks */,
			);
			runOnlyForDeploymentPostprocessing = 0;
		};
/* End PBXFrameworksBuildPhase section */

/* Begin PBXGroup section */
		254F6FEBD70DBAD2F1950B43 /* Pods */ = {
			isa = PBXGroup;
			children = (
				6929D13B2A1ABBF7F59E68D2 /* Pods-Vimac.debug.xcconfig */,
				6111F4122FAC89C910EEBF3B /* Pods-Vimac.release.xcconfig */,
				824743387EB077A984803D5C /* Pods-VimacTests.debug.xcconfig */,
				D3D6841E02A20AE804E019B5 /* Pods-VimacTests.release.xcconfig */,
				5C2149530237D83CD0BBC27E /* Pods-VimacUITests.debug.xcconfig */,
				7677AB73AD55CB183067A498 /* Pods-VimacUITests.release.xcconfig */,
			);
			path = Pods;
			sourceTree = "<group>";
		};
		A714F2240DB82D97A12A79E9 /* Frameworks */ = {
			isa = PBXGroup;
			children = (
				E27776E2240B780D00488320 /* LaunchAtLogin.framework */,
				A6BBF07B6655F54781C7A225 /* Pods_Vimac.framework */,
				E3838C26CF2EE35337E477D6 /* Pods_VimacTests.framework */,
				85E207A8CB4C294752F7C738 /* Pods_VimacUITests.framework */,
			);
			name = Frameworks;
			sourceTree = "<group>";
		};
		E204519E25F3A6BB00CBFC7A /* Extensions */ = {
			isa = PBXGroup;
			children = (
				E204519F25F3A6D100CBFC7A /* ObservableType.swift */,
			);
			path = Extensions;
			sourceTree = "<group>";
		};
		E20451A525F3ACA300CBFC7A /* UserDefaults */ = {
			isa = PBXGroup;
			children = (
				E21D74AF25B45BB500159E73 /* UserDefaultsProperty.swift */,
				E20451B025F3ADB600CBFC7A /* UserDefaultsProperties.swift */,
			);
			path = UserDefaults;
			sourceTree = "<group>";
		};
		E20A43082631BEA800E7F3CE /* Activation */ = {
			isa = PBXGroup;
			children = (
				E20A43112631BEC400E7F3CE /* HoldKeyListener.swift */,
			);
			path = Activation;
			sourceTree = "<group>";
		};
		E222EB112607433700B38564 /* Modes */ = {
			isa = PBXGroup;
			children = (
				E23A1A7F25E62DEA00D71D6E /* HintsViewController.swift */,
				E222EB122607434600B38564 /* HintModeController.swift */,
				E222EB182607438400B38564 /* ScrollModeController.swift */,
				E222EB1C260743A400B38564 /* ModeController.swift */,
			);
			path = Modes;
			sourceTree = "<group>";
		};
		E225BD1E233354AD00ECDEF4 /* Windows */ = {
			isa = PBXGroup;
			children = (
				E26981B123C99CA900E46217 /* Welcome */,
			);
			path = Windows;
			sourceTree = "<group>";
		};
		E225BD20233354E900ECDEF4 /* Preferences */ = {
			isa = PBXGroup;
			children = (
				E2DFF5AA24815C5800B4090D /* PreferencesPaneIdentifiers.swift */,
				E2DFF5AC24815D3E00B4090D /* GeneralPreferenceViewController.swift */,
				E2DFF5B02481693800B4090D /* HintModePreferenceViewController.swift */,
				E229E5792482ABAF00A558D3 /* ScrollModePreferenceViewController.swift */,
				E20451B425F3B50400CBFC7A /* ExperimentalPreferenceViewController.swift */,
				E277A70A25EF8AA100010209 /* AboutPreferencesViewController.swift */,
			);
			path = Preferences;
			sourceTree = "<group>";
		};
		E25BBB58250CC37600D11213 /* HintMode */ = {
			isa = PBXGroup;
			children = (
				E290EF4A24F93342004B1A83 /* QueryWindowService.swift */,
				E270F5C42504D8DE00AD305A /* TraverseElementServiceFinder.swift */,
				E270F5C82504D9AE00AD305A /* TraverseGenericElementService.swift */,
				E270F5CA2504D9DE00AD305A /* TraverseElementService.swift */,
				E270F5CE2504DC4600AD305A /* TraverseSearchPredicateCompatibleWebAreaElementService.swift */,
				E23140D52506781E004D1B96 /* QueryMenuBarItemsService.swift */,
				E23140D725067A46004D1B96 /* QueryMenuBarExtrasService.swift */,
				E23140D92507B2C1004D1B96 /* QueryNotificationCenterItemsService.swift */,
				E20DF9DD25E671F20065711A /* HintModeQueryService.swift */,
			);
			path = HintMode;
			sourceTree = "<group>";
		};
		E25BBB5E250CCA7900D11213 /* Services */ = {
			isa = PBXGroup;
			children = (
				E25BBB5A250CC4AA00D11213 /* ObserveFrontmostApplicationService.swift */,
				E25BBB5F250CD28600D11213 /* ObserveApplicationNotificationService.swift */,
				E25BBB61250CF9CC00D11213 /* FrontmostApplicationService.swift */,
			);
			path = Services;
			sourceTree = "<group>";
		};
		E26172172322968500E396CA = {
			isa = PBXGroup;
			children = (
				E27776E7240B784900488320 /* LaunchAtLogin.framework.dSYM */,
				E26172222322968500E396CA /* ViMac-Swift */,
				E26172352322968700E396CA /* ViMac-SwiftTests */,
				E26172402322968700E396CA /* ViMac-SwiftUITests */,
				E26172212322968500E396CA /* Products */,
				254F6FEBD70DBAD2F1950B43 /* Pods */,
				A714F2240DB82D97A12A79E9 /* Frameworks */,
			);
			sourceTree = "<group>";
		};
		E26172212322968500E396CA /* Products */ = {
			isa = PBXGroup;
			children = (
				E26172202322968500E396CA /* Vimac.app */,
				E26172322322968700E396CA /* VimacTests.xctest */,
				E261723D2322968700E396CA /* VimacUITests.xctest */,
			);
			name = Products;
			sourceTree = "<group>";
		};
		E26172222322968500E396CA /* ViMac-Swift */ = {
			isa = PBXGroup;
			children = (
				E20A43082631BEA800E7F3CE /* Activation */,
				E222EB112607433700B38564 /* Modes */,
				E20451A525F3ACA300CBFC7A /* UserDefaults */,
				E204519E25F3A6BB00CBFC7A /* Extensions */,
				E2F15BC025B30A1D00E2F29E /* Bindings */,
				E225BD20233354E900ECDEF4 /* Preferences */,
				E25BBB5E250CCA7900D11213 /* Services */,
				E270F41F2503E79900AD305A /* Accessibility */,
				E28867EF235F54F1001691A5 /* Vimac.icns */,
				E2C2956F234E0A32001A38D6 /* ViewControllers */,
				E225BD1E233354AD00ECDEF4 /* Windows */,
				E26172232322968500E396CA /* AppDelegate.swift */,
				E225BD1C233292B800ECDEF4 /* StatusItemManager.swift */,
				E26172272322968600E396CA /* Assets.xcassets */,
				E26172292322968700E396CA /* Main.storyboard */,
				E2C29561234DD7F8001A38D6 /* OverlayWindowController.swift */,
				E261722C2322968700E396CA /* Info.plist */,
				E261722D2322968700E396CA /* ViMac_Swift.entitlements */,
				E26172592324EC7100E396CA /* OverlayWindow.swift */,
				E20696F823290D41001EFDB2 /* Log.swift */,
				E20696FC232A0021001EFDB2 /* VimacBridgingHeader.h */,
				E20696FF232A52EA001EFDB2 /* AlphabetHints.swift */,
				E2F6C9AC232DE89F00F2975B /* HintView.swift */,
				E2F6C9AE232DEA1800F2975B /* Utils.swift */,
				E2C29565234DE09C001A38D6 /* ModeCoordinator.swift */,
				E245F9B023941AE8009CA9C6 /* BorderView.swift */,
				E2C3221C23BC828C00508B44 /* HideCursorGlobally.h */,
				E2C3221D23BC828C00508B44 /* HideCursorGlobally.m */,
				E26981B823C9E31600E46217 /* InputSourceManager.swift */,
				E26981BA23C9E35D00E46217 /* TISInputSourceExtension.swift */,
				E266D915248AAC99005A261F /* UserPreferences.swift */,
				E279534A2494C534006D8D7A /* InputListener.swift */,
				E279534C2494CC69006D8D7A /* ScrollModeInputListener.swift */,
				E279535024962E8C006D8D7A /* ChunkyScroller.swift */,
				E2795352249633DE006D8D7A /* Scroller.swift */,
				E267778B256123030034B131 /* String.swift */,
				E20D0CB325581AEF00A5CAEE /* Trie.swift */,
				E20D0CB725583DD200A5CAEE /* InputState.swift */,
				E24D0BB5256BEEAE0049EA0A /* ScrollModeInputState.swift */,
				E270C0E2259F3B52003A48FB /* GlobalEventTap.swift */,
				E270C0E4259F5D98003A48FB /* KeySequenceListener.swift */,
				E28CB6A725B02A8200554D00 /* VimacKeySequenceListener.swift */,
				E25FFA4725E1656F00721F2F /* GeometryUtils.swift */,
			);
			path = "ViMac-Swift";
			sourceTree = "<group>";
		};
		E26172352322968700E396CA /* ViMac-SwiftTests */ = {
			isa = PBXGroup;
			children = (
				E26172362322968700E396CA /* ViMac_SwiftTests.swift */,
				E26172382322968700E396CA /* Info.plist */,
				E20D0CB525581B3A00A5CAEE /* TrieTests.swift */,
				E2443FFB25584A9400A23950 /* InputStateTests.swift */,
			);
			path = "ViMac-SwiftTests";
			sourceTree = "<group>";
		};
		E26172402322968700E396CA /* ViMac-SwiftUITests */ = {
			isa = PBXGroup;
			children = (
				E26172412322968700E396CA /* ViMac_SwiftUITests.swift */,
				E26172432322968700E396CA /* Info.plist */,
			);
			path = "ViMac-SwiftUITests";
			sourceTree = "<group>";
		};
		E26981B123C99CA900E46217 /* Welcome */ = {
			isa = PBXGroup;
			children = (
				E26981B223C99DBB00E46217 /* WelcomeWindowController.swift */,
				E26981B423C99DF900E46217 /* WelcomeViewController.swift */,
			);
			path = Welcome;
			sourceTree = "<group>";
		};
		E270F41F2503E79900AD305A /* Accessibility */ = {
			isa = PBXGroup;
			children = (
				E267777F255FE0420034B131 /* QueryScrollAreasService.swift */,
				E25BBB58250CC37600D11213 /* HintMode */,
				E270F4202503E7A800AD305A /* Element.swift */,
				E204519825F388BC00CBFC7A /* AXManualAccessibilityActivator.swift */,
				E20451B825F4DDDC00CBFC7A /* AXEnhancedUserInterfaceActivator.swift */,
				E287886B26134BF200DC8875 /* ElementTree.swift */,
			);
			path = Accessibility;
			sourceTree = "<group>";
		};
		E2C2956F234E0A32001A38D6 /* ViewControllers */ = {
			isa = PBXGroup;
			children = (
				E2C29567234DE51F001A38D6 /* ModeViewController.swift */,
				E2677785256034860034B131 /* ScrollModeViewController.swift */,
				E267778D25613A900034B131 /* ScrollModeActiveViewController.swift */,
				E267778F256187230034B131 /* ScrollModeActiveScrollAreaViewController.swift */,
			);
			path = ViewControllers;
			sourceTree = "<group>";
		};
		E2F15BC025B30A1D00E2F29E /* Bindings */ = {
			isa = PBXGroup;
			children = (
				E2F15BBE25B2D65000E2F29E /* BindingsPreferenceViewController.swift */,
				E2F15BC425B30A9D00E2F29E /* BindingsConfig.swift */,
				E2F15BC625B30C4E00E2F29E /* BindingsRepository.swift */,
				E20DF9EB25EA74360065711A /* KeyboardShortcuts.swift */,
			);
			path = Bindings;
			sourceTree = "<group>";
		};
/* End PBXGroup section */

/* Begin PBXNativeTarget section */
		E261721F2322968500E396CA /* Vimac */ = {
			isa = PBXNativeTarget;
			buildConfigurationList = E26172462322968700E396CA /* Build configuration list for PBXNativeTarget "Vimac" */;
			buildPhases = (
				075FA56C1F3C1127C2575CA3 /* [CP] Check Pods Manifest.lock */,
				E261721C2322968500E396CA /* Sources */,
				E261721D2322968500E396CA /* Frameworks */,
				E20696FA23294E25001EFDB2 /* Run Script */,
				E261721E2322968500E396CA /* Resources */,
				B3CE1D10BB47F45CF7F30714 /* [CP] Embed Pods Frameworks */,
				E27776E5240B780D00488320 /* Embed Frameworks */,
				E27776E6240B782800488320 /* CopyFiles */,
				E27776E1240B765E00488320 /* ShellScript */,
			);
			buildRules = (
			);
			dependencies = (
			);
			name = Vimac;
			productName = "ViMac-Swift";
			productReference = E26172202322968500E396CA /* Vimac.app */;
			productType = "com.apple.product-type.application";
		};
		E26172312322968700E396CA /* VimacTests */ = {
			isa = PBXNativeTarget;
			buildConfigurationList = E26172492322968700E396CA /* Build configuration list for PBXNativeTarget "VimacTests" */;
			buildPhases = (
				09527652CB3D2AC0429D8183 /* [CP] Check Pods Manifest.lock */,
				E261722E2322968700E396CA /* Sources */,
				E261722F2322968700E396CA /* Frameworks */,
				E26172302322968700E396CA /* Resources */,
			);
			buildRules = (
			);
			dependencies = (
				E26172342322968700E396CA /* PBXTargetDependency */,
			);
			name = VimacTests;
			productName = "ViMac-SwiftTests";
			productReference = E26172322322968700E396CA /* VimacTests.xctest */;
			productType = "com.apple.product-type.bundle.unit-test";
		};
		E261723C2322968700E396CA /* VimacUITests */ = {
			isa = PBXNativeTarget;
			buildConfigurationList = E261724C2322968700E396CA /* Build configuration list for PBXNativeTarget "VimacUITests" */;
			buildPhases = (
				532B59306D89F943B5FF30F8 /* [CP] Check Pods Manifest.lock */,
				E26172392322968700E396CA /* Sources */,
				E261723A2322968700E396CA /* Frameworks */,
				E261723B2322968700E396CA /* Resources */,
			);
			buildRules = (
			);
			dependencies = (
				E261723F2322968700E396CA /* PBXTargetDependency */,
			);
			name = VimacUITests;
			productName = "ViMac-SwiftUITests";
			productReference = E261723D2322968700E396CA /* VimacUITests.xctest */;
			productType = "com.apple.product-type.bundle.ui-testing";
		};
/* End PBXNativeTarget section */

/* Begin PBXProject section */
		E26172182322968500E396CA /* Project object */ = {
			isa = PBXProject;
			attributes = {
				LastSwiftUpdateCheck = 1030;
				LastUpgradeCheck = 1240;
				ORGANIZATIONNAME = "Dexter Leng";
				TargetAttributes = {
					E261721F2322968500E396CA = {
						CreatedOnToolsVersion = 10.3;
						LastSwiftMigration = 1130;
					};
					E26172312322968700E396CA = {
						CreatedOnToolsVersion = 10.3;
						TestTargetID = E261721F2322968500E396CA;
					};
					E261723C2322968700E396CA = {
						CreatedOnToolsVersion = 10.3;
						TestTargetID = E261721F2322968500E396CA;
					};
				};
			};
			buildConfigurationList = E261721B2322968500E396CA /* Build configuration list for PBXProject "Vimac" */;
			compatibilityVersion = "Xcode 9.3";
			developmentRegion = en;
			hasScannedForEncodings = 0;
			knownRegions = (
				en,
				Base,
			);
			mainGroup = E26172172322968500E396CA;
			productRefGroup = E26172212322968500E396CA /* Products */;
			projectDirPath = "";
			projectRoot = "";
			targets = (
				E261721F2322968500E396CA /* Vimac */,
				E26172312322968700E396CA /* VimacTests */,
				E261723C2322968700E396CA /* VimacUITests */,
			);
		};
/* End PBXProject section */

/* Begin PBXResourcesBuildPhase section */
		E261721E2322968500E396CA /* Resources */ = {
			isa = PBXResourcesBuildPhase;
			buildActionMask = 2147483647;
			files = (
				E26172282322968600E396CA /* Assets.xcassets in Resources */,
				E28867F0235F54F2001691A5 /* Vimac.icns in Resources */,
				E2F6C9A3232CE37E00F2975B /* Main.storyboard in Resources */,
			);
			runOnlyForDeploymentPostprocessing = 0;
		};
		E26172302322968700E396CA /* Resources */ = {
			isa = PBXResourcesBuildPhase;
			buildActionMask = 2147483647;
			files = (
			);
			runOnlyForDeploymentPostprocessing = 0;
		};
		E261723B2322968700E396CA /* Resources */ = {
			isa = PBXResourcesBuildPhase;
			buildActionMask = 2147483647;
			files = (
			);
			runOnlyForDeploymentPostprocessing = 0;
		};
/* End PBXResourcesBuildPhase section */

/* Begin PBXShellScriptBuildPhase section */
		075FA56C1F3C1127C2575CA3 /* [CP] Check Pods Manifest.lock */ = {
			isa = PBXShellScriptBuildPhase;
			buildActionMask = 2147483647;
			files = (
			);
			inputFileListPaths = (
			);
			inputPaths = (
				"${PODS_PODFILE_DIR_PATH}/Podfile.lock",
				"${PODS_ROOT}/Manifest.lock",
			);
			name = "[CP] Check Pods Manifest.lock";
			outputFileListPaths = (
			);
			outputPaths = (
				"$(DERIVED_FILE_DIR)/Pods-Vimac-checkManifestLockResult.txt",
			);
			runOnlyForDeploymentPostprocessing = 0;
			shellPath = /bin/sh;
			shellScript = "diff \"${PODS_PODFILE_DIR_PATH}/Podfile.lock\" \"${PODS_ROOT}/Manifest.lock\" > /dev/null\nif [ $? != 0 ] ; then\n    # print error to STDERR\n    echo \"error: The sandbox is not in sync with the Podfile.lock. Run 'pod install' or update your CocoaPods installation.\" >&2\n    exit 1\nfi\n# This output is used by Xcode 'outputs' to avoid re-running this script phase.\necho \"SUCCESS\" > \"${SCRIPT_OUTPUT_FILE_0}\"\n";
			showEnvVarsInLog = 0;
		};
		09527652CB3D2AC0429D8183 /* [CP] Check Pods Manifest.lock */ = {
			isa = PBXShellScriptBuildPhase;
			buildActionMask = 2147483647;
			files = (
			);
			inputFileListPaths = (
			);
			inputPaths = (
				"${PODS_PODFILE_DIR_PATH}/Podfile.lock",
				"${PODS_ROOT}/Manifest.lock",
			);
			name = "[CP] Check Pods Manifest.lock";
			outputFileListPaths = (
			);
			outputPaths = (
				"$(DERIVED_FILE_DIR)/Pods-VimacTests-checkManifestLockResult.txt",
			);
			runOnlyForDeploymentPostprocessing = 0;
			shellPath = /bin/sh;
			shellScript = "diff \"${PODS_PODFILE_DIR_PATH}/Podfile.lock\" \"${PODS_ROOT}/Manifest.lock\" > /dev/null\nif [ $? != 0 ] ; then\n    # print error to STDERR\n    echo \"error: The sandbox is not in sync with the Podfile.lock. Run 'pod install' or update your CocoaPods installation.\" >&2\n    exit 1\nfi\n# This output is used by Xcode 'outputs' to avoid re-running this script phase.\necho \"SUCCESS\" > \"${SCRIPT_OUTPUT_FILE_0}\"\n";
			showEnvVarsInLog = 0;
		};
		532B59306D89F943B5FF30F8 /* [CP] Check Pods Manifest.lock */ = {
			isa = PBXShellScriptBuildPhase;
			buildActionMask = 2147483647;
			files = (
			);
			inputFileListPaths = (
			);
			inputPaths = (
				"${PODS_PODFILE_DIR_PATH}/Podfile.lock",
				"${PODS_ROOT}/Manifest.lock",
			);
			name = "[CP] Check Pods Manifest.lock";
			outputFileListPaths = (
			);
			outputPaths = (
				"$(DERIVED_FILE_DIR)/Pods-VimacUITests-checkManifestLockResult.txt",
			);
			runOnlyForDeploymentPostprocessing = 0;
			shellPath = /bin/sh;
			shellScript = "diff \"${PODS_PODFILE_DIR_PATH}/Podfile.lock\" \"${PODS_ROOT}/Manifest.lock\" > /dev/null\nif [ $? != 0 ] ; then\n    # print error to STDERR\n    echo \"error: The sandbox is not in sync with the Podfile.lock. Run 'pod install' or update your CocoaPods installation.\" >&2\n    exit 1\nfi\n# This output is used by Xcode 'outputs' to avoid re-running this script phase.\necho \"SUCCESS\" > \"${SCRIPT_OUTPUT_FILE_0}\"\n";
			showEnvVarsInLog = 0;
		};
		B3CE1D10BB47F45CF7F30714 /* [CP] Embed Pods Frameworks */ = {
			isa = PBXShellScriptBuildPhase;
			buildActionMask = 2147483647;
			files = (
			);
			inputFileListPaths = (
				"${PODS_ROOT}/Target Support Files/Pods-Vimac/Pods-Vimac-frameworks-${CONFIGURATION}-input-files.xcfilelist",
			);
			name = "[CP] Embed Pods Frameworks";
			outputFileListPaths = (
				"${PODS_ROOT}/Target Support Files/Pods-Vimac/Pods-Vimac-frameworks-${CONFIGURATION}-output-files.xcfilelist",
			);
			runOnlyForDeploymentPostprocessing = 0;
			shellPath = /bin/sh;
			shellScript = "\"${PODS_ROOT}/Target Support Files/Pods-Vimac/Pods-Vimac-frameworks.sh\"\n";
			showEnvVarsInLog = 0;
		};
		E20696FA23294E25001EFDB2 /* Run Script */ = {
			isa = PBXShellScriptBuildPhase;
			buildActionMask = 12;
			files = (
			);
			inputFileListPaths = (
			);
			inputPaths = (
				"$(SRCROOT)/newInputFile",
			);
			name = "Run Script";
			outputFileListPaths = (
			);
			outputPaths = (
			);
			runOnlyForDeploymentPostprocessing = 0;
			shellPath = /bin/sh;
			shellScript = "if [ \"$BUILD_ENV\" != 'CI' ]; then\n    osascript grant-accessibility-permission-dev.scpt;\nfi\n";
		};
		E27776E1240B765E00488320 /* ShellScript */ = {
			isa = PBXShellScriptBuildPhase;
			buildActionMask = 2147483647;
			files = (
			);
			inputFileListPaths = (
			);
			inputPaths = (
			);
			outputFileListPaths = (
			);
			outputPaths = (
			);
			runOnlyForDeploymentPostprocessing = 0;
			shellPath = /bin/sh;
			shellScript = "origin_helper_path=\"$BUILT_PRODUCTS_DIR/$FRAMEWORKS_FOLDER_PATH/LaunchAtLogin.framework/Resources/LaunchAtLoginHelper.app\"\nhelper_dir=\"$BUILT_PRODUCTS_DIR/$CONTENTS_FOLDER_PATH/Library/LoginItems\"\nhelper_path=\"$helper_dir/LaunchAtLoginHelper.app\"\n\nrm -rf \"$helper_path\"\nmkdir -p \"$helper_dir\"\ncp -rf \"$origin_helper_path\" \"$helper_dir/\"\n\ndefaults write \"$helper_path/Contents/Info\" CFBundleIdentifier -string \"$PRODUCT_BUNDLE_IDENTIFIER-LaunchAtLoginHelper\"\n\nif [[ -n $CODE_SIGN_ENTITLEMENTS ]]; then\n    codesign --force --entitlements=\"$CODE_SIGN_ENTITLEMENTS\" --options=runtime --sign=\"$EXPANDED_CODE_SIGN_IDENTITY_NAME\" \"$helper_path\"\nelse\n    codesign --force --options=runtime --sign=\"$EXPANDED_CODE_SIGN_IDENTITY_NAME\" \"$helper_path\"\nfi\n\nframework_path=\"$BUILT_PRODUCTS_DIR/$FRAMEWORKS_FOLDER_PATH/LaunchAtLogin.framework\"\ncodesign --verbose --force --deep -o runtime --sign \"$EXPANDED_CODE_SIGN_IDENTITY_NAME\" \"$framework_path/Versions/A/Resources/LaunchAtLoginHelper.app/Contents/MacOS/LaunchAtLoginHelper\"\n";
		};
/* End PBXShellScriptBuildPhase section */

/* Begin PBXSourcesBuildPhase section */
		E261721C2322968500E396CA /* Sources */ = {
			isa = PBXSourcesBuildPhase;
			buildActionMask = 2147483647;
			files = (
				E25BBB62250CF9CC00D11213 /* FrontmostApplicationService.swift in Sources */,
				E267778C256123030034B131 /* String.swift in Sources */,
				E261725A2324EC7100E396CA /* OverlayWindow.swift in Sources */,
				E279535124962E8D006D8D7A /* ChunkyScroller.swift in Sources */,
				E20DF9DE25E671F20065711A /* HintModeQueryService.swift in Sources */,
				E20451B125F3ADB600CBFC7A /* UserDefaultsProperties.swift in Sources */,
				E270F5CF2504DC4600AD305A /* TraverseSearchPredicateCompatibleWebAreaElementService.swift in Sources */,
				E2795353249633DE006D8D7A /* Scroller.swift in Sources */,
				E2C3221E23BC828C00508B44 /* HideCursorGlobally.m in Sources */,
				E222EB132607434600B38564 /* HintModeController.swift in Sources */,
				E2DFF5AB24815C5800B4090D /* PreferencesPaneIdentifiers.swift in Sources */,
				E279534B2494C534006D8D7A /* InputListener.swift in Sources */,
				E2F15BBF25B2D65000E2F29E /* BindingsPreferenceViewController.swift in Sources */,
				E26981B923C9E31600E46217 /* InputSourceManager.swift in Sources */,
				E2DFF5B12481693800B4090D /* HintModePreferenceViewController.swift in Sources */,
				E222EB192607438400B38564 /* ScrollModeController.swift in Sources */,
				E20DF9EC25EA74360065711A /* KeyboardShortcuts.swift in Sources */,
				E2F6C9AF232DEA1800F2975B /* Utils.swift in Sources */,
				E287886C26134BF200DC8875 /* ElementTree.swift in Sources */,
				E21D74B025B45BB500159E73 /* UserDefaultsProperty.swift in Sources */,
				E279534D2494CC69006D8D7A /* ScrollModeInputListener.swift in Sources */,
				E24D0BB6256BEEAE0049EA0A /* ScrollModeInputState.swift in Sources */,
				E2F15BC725B30C4E00E2F29E /* BindingsRepository.swift in Sources */,
				E26981B523C99DF900E46217 /* WelcomeViewController.swift in Sources */,
				E270F5C52504D8DE00AD305A /* TraverseElementServiceFinder.swift in Sources */,
				E2C29568234DE51F001A38D6 /* ModeViewController.swift in Sources */,
				E20D0CB825583DD200A5CAEE /* InputState.swift in Sources */,
				E270F5C92504D9AE00AD305A /* TraverseGenericElementService.swift in Sources */,
				E245F9B123941AE8009CA9C6 /* BorderView.swift in Sources */,
				E23140DA2507B2C1004D1B96 /* QueryNotificationCenterItemsService.swift in Sources */,
				E2677786256034860034B131 /* ScrollModeViewController.swift in Sources */,
				E290EF4B24F93343004B1A83 /* QueryWindowService.swift in Sources */,
				E270F5CB2504D9DE00AD305A /* TraverseElementService.swift in Sources */,
				E25FFA4825E1656F00721F2F /* GeometryUtils.swift in Sources */,
				E26981BB23C9E35D00E46217 /* TISInputSourceExtension.swift in Sources */,
				E20A43122631BEC400E7F3CE /* HoldKeyListener.swift in Sources */,
				E2DFF5AD24815D3E00B4090D /* GeneralPreferenceViewController.swift in Sources */,
				E23A1A8025E62DEA00D71D6E /* HintsViewController.swift in Sources */,
				E266D916248AAC99005A261F /* UserPreferences.swift in Sources */,
				E2C29566234DE09C001A38D6 /* ModeCoordinator.swift in Sources */,
				E222EB1D260743A400B38564 /* ModeController.swift in Sources */,
				E2C29562234DD7F8001A38D6 /* OverlayWindowController.swift in Sources */,
				E28CB6A825B02A8200554D00 /* VimacKeySequenceListener.swift in Sources */,
				E229E57A2482ABAF00A558D3 /* ScrollModePreferenceViewController.swift in Sources */,
				E2069700232A52EA001EFDB2 /* AlphabetHints.swift in Sources */,
				E25BBB60250CD28600D11213 /* ObserveApplicationNotificationService.swift in Sources */,
				E20D0CB425581AEF00A5CAEE /* Trie.swift in Sources */,
				E270F4212503E7A800AD305A /* Element.swift in Sources */,
				E20696F923290D41001EFDB2 /* Log.swift in Sources */,
				E277A70B25EF8AA100010209 /* AboutPreferencesViewController.swift in Sources */,
				E23140D825067A46004D1B96 /* QueryMenuBarExtrasService.swift in Sources */,
				E20451B925F4DDDC00CBFC7A /* AXEnhancedUserInterfaceActivator.swift in Sources */,
				E20451B525F3B50400CBFC7A /* ExperimentalPreferenceViewController.swift in Sources */,
				E25BBB5B250CC4AA00D11213 /* ObserveFrontmostApplicationService.swift in Sources */,
				E225BD1D233292B800ECDEF4 /* StatusItemManager.swift in Sources */,
				E267778E25613A900034B131 /* ScrollModeActiveViewController.swift in Sources */,
				E2F15BC525B30A9D00E2F29E /* BindingsConfig.swift in Sources */,
				E26981B323C99DBB00E46217 /* WelcomeWindowController.swift in Sources */,
				E26172242322968500E396CA /* AppDelegate.swift in Sources */,
				E204519925F388BC00CBFC7A /* AXManualAccessibilityActivator.swift in Sources */,
				E270C0E3259F3B52003A48FB /* GlobalEventTap.swift in Sources */,
				E20451A025F3A6D100CBFC7A /* ObservableType.swift in Sources */,
				E2677790256187230034B131 /* ScrollModeActiveScrollAreaViewController.swift in Sources */,
				E2677780255FE0420034B131 /* QueryScrollAreasService.swift in Sources */,
				E270C0E5259F5D98003A48FB /* KeySequenceListener.swift in Sources */,
				E23140D62506781E004D1B96 /* QueryMenuBarItemsService.swift in Sources */,
				E2F6C9AD232DE89F00F2975B /* HintView.swift in Sources */,
			);
			runOnlyForDeploymentPostprocessing = 0;
		};
		E261722E2322968700E396CA /* Sources */ = {
			isa = PBXSourcesBuildPhase;
			buildActionMask = 2147483647;
			files = (
				E2443FFC25584A9400A23950 /* InputStateTests.swift in Sources */,
				E26172372322968700E396CA /* ViMac_SwiftTests.swift in Sources */,
				E20D0CB625581B3A00A5CAEE /* TrieTests.swift in Sources */,
			);
			runOnlyForDeploymentPostprocessing = 0;
		};
		E26172392322968700E396CA /* Sources */ = {
			isa = PBXSourcesBuildPhase;
			buildActionMask = 2147483647;
			files = (
				E26172422322968700E396CA /* ViMac_SwiftUITests.swift in Sources */,
			);
			runOnlyForDeploymentPostprocessing = 0;
		};
/* End PBXSourcesBuildPhase section */

/* Begin PBXTargetDependency section */
		E26172342322968700E396CA /* PBXTargetDependency */ = {
			isa = PBXTargetDependency;
			target = E261721F2322968500E396CA /* Vimac */;
			targetProxy = E26172332322968700E396CA /* PBXContainerItemProxy */;
		};
		E261723F2322968700E396CA /* PBXTargetDependency */ = {
			isa = PBXTargetDependency;
			target = E261721F2322968500E396CA /* Vimac */;
			targetProxy = E261723E2322968700E396CA /* PBXContainerItemProxy */;
		};
/* End PBXTargetDependency section */

/* Begin PBXVariantGroup section */
		E26172292322968700E396CA /* Main.storyboard */ = {
			isa = PBXVariantGroup;
			children = (
				E261722A2322968700E396CA /* Base */,
			);
			name = Main.storyboard;
			sourceTree = "<group>";
		};
/* End PBXVariantGroup section */

/* Begin XCBuildConfiguration section */
		E26172442322968700E396CA /* Debug */ = {
			isa = XCBuildConfiguration;
			buildSettings = {
				ALWAYS_SEARCH_USER_PATHS = NO;
				CLANG_ANALYZER_NONNULL = YES;
				CLANG_ANALYZER_NUMBER_OBJECT_CONVERSION = YES_AGGRESSIVE;
				CLANG_CXX_LANGUAGE_STANDARD = "gnu++14";
				CLANG_CXX_LIBRARY = "libc++";
				CLANG_ENABLE_MODULES = YES;
				CLANG_ENABLE_OBJC_ARC = YES;
				CLANG_ENABLE_OBJC_WEAK = YES;
				CLANG_WARN_BLOCK_CAPTURE_AUTORELEASING = YES;
				CLANG_WARN_BOOL_CONVERSION = YES;
				CLANG_WARN_COMMA = YES;
				CLANG_WARN_CONSTANT_CONVERSION = YES;
				CLANG_WARN_DEPRECATED_OBJC_IMPLEMENTATIONS = YES;
				CLANG_WARN_DIRECT_OBJC_ISA_USAGE = YES_ERROR;
				CLANG_WARN_DOCUMENTATION_COMMENTS = YES;
				CLANG_WARN_EMPTY_BODY = YES;
				CLANG_WARN_ENUM_CONVERSION = YES;
				CLANG_WARN_INFINITE_RECURSION = YES;
				CLANG_WARN_INT_CONVERSION = YES;
				CLANG_WARN_NON_LITERAL_NULL_CONVERSION = YES;
				CLANG_WARN_OBJC_IMPLICIT_RETAIN_SELF = YES;
				CLANG_WARN_OBJC_LITERAL_CONVERSION = YES;
				CLANG_WARN_OBJC_ROOT_CLASS = YES_ERROR;
				CLANG_WARN_QUOTED_INCLUDE_IN_FRAMEWORK_HEADER = YES;
				CLANG_WARN_RANGE_LOOP_ANALYSIS = YES;
				CLANG_WARN_STRICT_PROTOTYPES = YES;
				CLANG_WARN_SUSPICIOUS_MOVE = YES;
				CLANG_WARN_UNGUARDED_AVAILABILITY = YES_AGGRESSIVE;
				CLANG_WARN_UNREACHABLE_CODE = YES;
				CLANG_WARN__DUPLICATE_METHOD_MATCH = YES;
				CODE_SIGN_IDENTITY = "-";
				COPY_PHASE_STRIP = NO;
				DEBUG_INFORMATION_FORMAT = dwarf;
				ENABLE_STRICT_OBJC_MSGSEND = YES;
				ENABLE_TESTABILITY = YES;
				GCC_C_LANGUAGE_STANDARD = gnu11;
				GCC_DYNAMIC_NO_PIC = NO;
				GCC_NO_COMMON_BLOCKS = YES;
				GCC_OPTIMIZATION_LEVEL = 0;
				GCC_PREPROCESSOR_DEFINITIONS = (
					"DEBUG=1",
					"$(inherited)",
				);
				GCC_WARN_64_TO_32_BIT_CONVERSION = YES;
				GCC_WARN_ABOUT_RETURN_TYPE = YES_ERROR;
				GCC_WARN_UNDECLARED_SELECTOR = YES;
				GCC_WARN_UNINITIALIZED_AUTOS = YES_AGGRESSIVE;
				GCC_WARN_UNUSED_FUNCTION = YES;
				GCC_WARN_UNUSED_VARIABLE = YES;
				MACOSX_DEPLOYMENT_TARGET = 10.14;
				MTL_ENABLE_DEBUG_INFO = INCLUDE_SOURCE;
				MTL_FAST_MATH = YES;
				ONLY_ACTIVE_ARCH = YES;
				SDKROOT = macosx;
				SWIFT_ACTIVE_COMPILATION_CONDITIONS = DEBUG;
				SWIFT_OBJC_BRIDGING_HEADER = "ViMac-Swift/VimacBridgingHeader.h";
				SWIFT_OPTIMIZATION_LEVEL = "-Onone";
				SWIFT_VERSION = 5.0;
			};
			name = Debug;
		};
		E26172452322968700E396CA /* Release */ = {
			isa = XCBuildConfiguration;
			buildSettings = {
				ALWAYS_SEARCH_USER_PATHS = NO;
				CLANG_ANALYZER_NONNULL = YES;
				CLANG_ANALYZER_NUMBER_OBJECT_CONVERSION = YES_AGGRESSIVE;
				CLANG_CXX_LANGUAGE_STANDARD = "gnu++14";
				CLANG_CXX_LIBRARY = "libc++";
				CLANG_ENABLE_MODULES = YES;
				CLANG_ENABLE_OBJC_ARC = YES;
				CLANG_ENABLE_OBJC_WEAK = YES;
				CLANG_WARN_BLOCK_CAPTURE_AUTORELEASING = YES;
				CLANG_WARN_BOOL_CONVERSION = YES;
				CLANG_WARN_COMMA = YES;
				CLANG_WARN_CONSTANT_CONVERSION = YES;
				CLANG_WARN_DEPRECATED_OBJC_IMPLEMENTATIONS = YES;
				CLANG_WARN_DIRECT_OBJC_ISA_USAGE = YES_ERROR;
				CLANG_WARN_DOCUMENTATION_COMMENTS = YES;
				CLANG_WARN_EMPTY_BODY = YES;
				CLANG_WARN_ENUM_CONVERSION = YES;
				CLANG_WARN_INFINITE_RECURSION = YES;
				CLANG_WARN_INT_CONVERSION = YES;
				CLANG_WARN_NON_LITERAL_NULL_CONVERSION = YES;
				CLANG_WARN_OBJC_IMPLICIT_RETAIN_SELF = YES;
				CLANG_WARN_OBJC_LITERAL_CONVERSION = YES;
				CLANG_WARN_OBJC_ROOT_CLASS = YES_ERROR;
				CLANG_WARN_QUOTED_INCLUDE_IN_FRAMEWORK_HEADER = YES;
				CLANG_WARN_RANGE_LOOP_ANALYSIS = YES;
				CLANG_WARN_STRICT_PROTOTYPES = YES;
				CLANG_WARN_SUSPICIOUS_MOVE = YES;
				CLANG_WARN_UNGUARDED_AVAILABILITY = YES_AGGRESSIVE;
				CLANG_WARN_UNREACHABLE_CODE = YES;
				CLANG_WARN__DUPLICATE_METHOD_MATCH = YES;
				CODE_SIGN_IDENTITY = "-";
				COPY_PHASE_STRIP = NO;
				DEBUG_INFORMATION_FORMAT = "dwarf-with-dsym";
				ENABLE_NS_ASSERTIONS = NO;
				ENABLE_STRICT_OBJC_MSGSEND = YES;
				GCC_C_LANGUAGE_STANDARD = gnu11;
				GCC_NO_COMMON_BLOCKS = YES;
				GCC_WARN_64_TO_32_BIT_CONVERSION = YES;
				GCC_WARN_ABOUT_RETURN_TYPE = YES_ERROR;
				GCC_WARN_UNDECLARED_SELECTOR = YES;
				GCC_WARN_UNINITIALIZED_AUTOS = YES_AGGRESSIVE;
				GCC_WARN_UNUSED_FUNCTION = YES;
				GCC_WARN_UNUSED_VARIABLE = YES;
				MACOSX_DEPLOYMENT_TARGET = 10.14;
				MTL_ENABLE_DEBUG_INFO = NO;
				MTL_FAST_MATH = YES;
				SDKROOT = macosx;
				SWIFT_COMPILATION_MODE = wholemodule;
				SWIFT_OBJC_BRIDGING_HEADER = "ViMac-Swift/VimacBridgingHeader.h";
				"SWIFT_OBJC_BRIDGING_HEADER[arch=*]" = "";
				SWIFT_OPTIMIZATION_LEVEL = "-O";
				SWIFT_VERSION = 5.0;
			};
			name = Release;
		};
		E26172472322968700E396CA /* Debug */ = {
			isa = XCBuildConfiguration;
			baseConfigurationReference = 6929D13B2A1ABBF7F59E68D2 /* Pods-Vimac.debug.xcconfig */;
			buildSettings = {
				ASSETCATALOG_COMPILER_APPICON_NAME = AppIcon;
				CLANG_ENABLE_MODULES = YES;
				CODE_SIGN_ENTITLEMENTS = "ViMac-Swift/ViMac_Swift.entitlements";
				CODE_SIGN_IDENTITY = "Apple Development";
				CODE_SIGN_STYLE = Automatic;
				COMBINE_HIDPI_IMAGES = YES;
				DEVELOPMENT_TEAM = LQ2VH8VB84;
				ENABLE_HARDENED_RUNTIME = YES;
				FRAMEWORK_SEARCH_PATHS = (
					"$(inherited)",
					"$(PROJECT_DIR)/Carthage/Build/Mac",
				);
				INFOPLIST_FILE = "ViMac-Swift/Info.plist";
				LD_RUNPATH_SEARCH_PATHS = (
					"$(inherited)",
					"@executable_path/../Frameworks",
				);
				PRODUCT_BUNDLE_IDENTIFIER = dexterleng.vimac;
				PRODUCT_NAME = "$(TARGET_NAME)";
				SWIFT_OBJC_BRIDGING_HEADER = "ViMac-Swift/VimacBridgingHeader.h";
				SWIFT_OPTIMIZATION_LEVEL = "-Onone";
				SWIFT_VERSION = 5.0;
			};
			name = Debug;
		};
		E26172482322968700E396CA /* Release */ = {
			isa = XCBuildConfiguration;
			baseConfigurationReference = 6111F4122FAC89C910EEBF3B /* Pods-Vimac.release.xcconfig */;
			buildSettings = {
				ASSETCATALOG_COMPILER_APPICON_NAME = AppIcon;
				CLANG_ENABLE_MODULES = YES;
				CODE_SIGN_ENTITLEMENTS = "ViMac-Swift/ViMac_Swift.entitlements";
				CODE_SIGN_IDENTITY = "Apple Development";
				CODE_SIGN_STYLE = Automatic;
				COMBINE_HIDPI_IMAGES = YES;
				DEVELOPMENT_TEAM = LQ2VH8VB84;
				ENABLE_HARDENED_RUNTIME = YES;
				FRAMEWORK_SEARCH_PATHS = (
					"$(inherited)",
					"$(PROJECT_DIR)/Carthage/Build/Mac",
				);
				INFOPLIST_FILE = "ViMac-Swift/Info.plist";
				LD_RUNPATH_SEARCH_PATHS = (
					"$(inherited)",
					"@executable_path/../Frameworks",
				);
				PRODUCT_BUNDLE_IDENTIFIER = dexterleng.vimac;
				PRODUCT_NAME = "$(TARGET_NAME)";
				SWIFT_OBJC_BRIDGING_HEADER = "ViMac-Swift/VimacBridgingHeader.h";
				SWIFT_VERSION = 5.0;
			};
			name = Release;
		};
		E261724A2322968700E396CA /* Debug */ = {
			isa = XCBuildConfiguration;
			baseConfigurationReference = 824743387EB077A984803D5C /* Pods-VimacTests.debug.xcconfig */;
			buildSettings = {
				ALWAYS_EMBED_SWIFT_STANDARD_LIBRARIES = YES;
				BUNDLE_LOADER = "$(TEST_HOST)";
				CODE_SIGN_IDENTITY = "Apple Development";
				CODE_SIGN_STYLE = Automatic;
				COMBINE_HIDPI_IMAGES = YES;
				DEVELOPMENT_TEAM = LQ2VH8VB84;
				INFOPLIST_FILE = "ViMac-SwiftTests/Info.plist";
				LD_RUNPATH_SEARCH_PATHS = (
					"$(inherited)",
					"@executable_path/../Frameworks",
					"@loader_path/../Frameworks",
				);
				PRODUCT_BUNDLE_IDENTIFIER = "dexterleng.ViMac-SwiftTests";
				PRODUCT_NAME = "$(TARGET_NAME)";
				SWIFT_VERSION = 5.0;
				TEST_HOST = "$(BUILT_PRODUCTS_DIR)/Vimac.app/Contents/MacOS/Vimac";
			};
			name = Debug;
		};
		E261724B2322968700E396CA /* Release */ = {
			isa = XCBuildConfiguration;
			baseConfigurationReference = D3D6841E02A20AE804E019B5 /* Pods-VimacTests.release.xcconfig */;
			buildSettings = {
				ALWAYS_EMBED_SWIFT_STANDARD_LIBRARIES = YES;
				BUNDLE_LOADER = "$(TEST_HOST)";
				CODE_SIGN_IDENTITY = "Apple Development";
				CODE_SIGN_STYLE = Automatic;
				COMBINE_HIDPI_IMAGES = YES;
				DEVELOPMENT_TEAM = LQ2VH8VB84;
				INFOPLIST_FILE = "ViMac-SwiftTests/Info.plist";
				LD_RUNPATH_SEARCH_PATHS = (
					"$(inherited)",
					"@executable_path/../Frameworks",
					"@loader_path/../Frameworks",
				);
				PRODUCT_BUNDLE_IDENTIFIER = "dexterleng.ViMac-SwiftTests";
				PRODUCT_NAME = "$(TARGET_NAME)";
				SWIFT_VERSION = 5.0;
				TEST_HOST = "$(BUILT_PRODUCTS_DIR)/Vimac.app/Contents/MacOS/Vimac";
			};
			name = Release;
		};
		E261724D2322968700E396CA /* Debug */ = {
			isa = XCBuildConfiguration;
			baseConfigurationReference = 5C2149530237D83CD0BBC27E /* Pods-VimacUITests.debug.xcconfig */;
			buildSettings = {
				ALWAYS_EMBED_SWIFT_STANDARD_LIBRARIES = YES;
				CODE_SIGN_STYLE = Automatic;
				COMBINE_HIDPI_IMAGES = YES;
				INFOPLIST_FILE = "ViMac-SwiftUITests/Info.plist";
				LD_RUNPATH_SEARCH_PATHS = (
					"$(inherited)",
					"@executable_path/../Frameworks",
					"@loader_path/../Frameworks",
				);
				PRODUCT_BUNDLE_IDENTIFIER = "dexterleng.ViMac-SwiftUITests";
				PRODUCT_NAME = "$(TARGET_NAME)";
				SWIFT_VERSION = 5.0;
				TEST_TARGET_NAME = "ViMac-Swift";
			};
			name = Debug;
		};
		E261724E2322968700E396CA /* Release */ = {
			isa = XCBuildConfiguration;
			baseConfigurationReference = 7677AB73AD55CB183067A498 /* Pods-VimacUITests.release.xcconfig */;
			buildSettings = {
				ALWAYS_EMBED_SWIFT_STANDARD_LIBRARIES = YES;
				CODE_SIGN_STYLE = Automatic;
				COMBINE_HIDPI_IMAGES = YES;
				INFOPLIST_FILE = "ViMac-SwiftUITests/Info.plist";
				LD_RUNPATH_SEARCH_PATHS = (
					"$(inherited)",
					"@executable_path/../Frameworks",
					"@loader_path/../Frameworks",
				);
				PRODUCT_BUNDLE_IDENTIFIER = "dexterleng.ViMac-SwiftUITests";
				PRODUCT_NAME = "$(TARGET_NAME)";
				SWIFT_VERSION = 5.0;
				TEST_TARGET_NAME = "ViMac-Swift";
			};
			name = Release;
		};
/* End XCBuildConfiguration section */

/* Begin XCConfigurationList section */
		E261721B2322968500E396CA /* Build configuration list for PBXProject "Vimac" */ = {
			isa = XCConfigurationList;
			buildConfigurations = (
				E26172442322968700E396CA /* Debug */,
				E26172452322968700E396CA /* Release */,
			);
			defaultConfigurationIsVisible = 0;
			defaultConfigurationName = Release;
		};
		E26172462322968700E396CA /* Build configuration list for PBXNativeTarget "Vimac" */ = {
			isa = XCConfigurationList;
			buildConfigurations = (
				E26172472322968700E396CA /* Debug */,
				E26172482322968700E396CA /* Release */,
			);
			defaultConfigurationIsVisible = 0;
			defaultConfigurationName = Release;
		};
		E26172492322968700E396CA /* Build configuration list for PBXNativeTarget "VimacTests" */ = {
			isa = XCConfigurationList;
			buildConfigurations = (
				E261724A2322968700E396CA /* Debug */,
				E261724B2322968700E396CA /* Release */,
			);
			defaultConfigurationIsVisible = 0;
			defaultConfigurationName = Release;
		};
		E261724C2322968700E396CA /* Build configuration list for PBXNativeTarget "VimacUITests" */ = {
			isa = XCConfigurationList;
			buildConfigurations = (
				E261724D2322968700E396CA /* Debug */,
				E261724E2322968700E396CA /* Release */,
			);
			defaultConfigurationIsVisible = 0;
			defaultConfigurationName = Release;
		};
/* End XCConfigurationList section */
	};
	rootObject = E26172182322968500E396CA /* Project object */;
}
